PODS:
  - MMKV (1.2.10):
    - MMKVCore (~> 1.2.10)
  - MMKVCore (1.2.10)

DEPENDENCIES:
  - MMKV

SPEC REPOS:
  trunk:
    - MMKV
    - MMKVCore

SPEC CHECKSUMS:
  MMKV: 76033b9ace2006623308910a3afcc0e25eba3140
  MMKVCore: b00e7a09ec77a1b916aef336eedd3b99ec249978

PODFILE CHECKSUM: 5054b82b82ae2bc6cf70e2d72a32eae660bb6f4c

COCOAPODS: 1.10.1
